
Microsoft Visual Studio Solution File, Format Version 12.00
# Visual Studio Version 17
VisualStudioVersion = 17.5.33516.290
MinimumVisualStudioVersion = 10.0.40219.1
Project("{FAE04EC0-301F-11D3-BF4B-00C04F79EFBC}") = "CookLib", "CookLib.csproj", "{40C4EDE2-A369-4A76-B3CA-14276DEA0C89}"
EndProject
Project("{FAE04EC0-301F-11D3-BF4B-00C04F79EFBC}") = "CookLib.DataAccess", "..\CookLib.DataAccess\CookLib.DataAccess.csproj", "{4AEAB63C-3602-4D48-BA49-8F6F1306935E}"
EndProject
Project("{FAE04EC0-301F-11D3-BF4B-00C04F79EFBC}") = "CookLib.ApplicationServices", "..\CookLib.ApplicationServices\CookLib.ApplicationServices.csproj", "{2DC52BAD-23EA-4C80-8FF0-9A72E9DCA92A}"
EndProject
Global
	GlobalSection(SolutionConfigurationPlatforms) = preSolution
		Debug|Any CPU = Debug|Any CPU
		Release|Any CPU = Release|Any CPU
	EndGlobalSection
	GlobalSection(ProjectConfigurationPlatforms) = postSolution
		{40C4EDE2-A369-4A76-B3CA-14276DEA0C89}.Debug|Any CPU.ActiveCfg = Debug|Any CPU
		{40C4EDE2-A369-4A76-B3CA-14276DEA0C89}.Debug|Any CPU.Build.0 = Debug|Any CPU
		{40C4EDE2-A369-4A76-B3CA-14276DEA0C89}.Release|Any CPU.ActiveCfg = Release|Any CPU
		{40C4EDE2-A369-4A76-B3CA-14276DEA0C89}.Release|Any CPU.Build.0 = Release|Any CPU
		{4AEAB63C-3602-4D48-BA49-8F6F1306935E}.Debug|Any CPU.ActiveCfg = Debug|Any CPU
		{4AEAB63C-3602-4D48-BA49-8F6F1306935E}.Debug|Any CPU.Build.0 = Debug|Any CPU
		{4AEAB63C-3602-4D48-BA49-8F6F1306935E}.Release|Any CPU.ActiveCfg = Release|Any CPU
		{4AEAB63C-3602-4D48-BA49-8F6F1306935E}.Release|Any CPU.Build.0 = Release|Any CPU
		{2DC52BAD-23EA-4C80-8FF0-9A72E9DCA92A}.Debug|Any CPU.ActiveCfg = Debug|Any CPU
		{2DC52BAD-23EA-4C80-8FF0-9A72E9DCA92A}.Debug|Any CPU.Build.0 = Debug|Any CPU
		{2DC52BAD-23EA-4C80-8FF0-9A72E9DCA92A}.Release|Any CPU.ActiveCfg = Release|Any CPU
		{2DC52BAD-23EA-4C80-8FF0-9A72E9DCA92A}.Release|Any CPU.Build.0 = Release|Any CPU
	EndGlobalSection
	GlobalSection(SolutionProperties) = preSolution
		HideSolutionNode = FALSE
	EndGlobalSection
	GlobalSection(ExtensibilityGlobals) = postSolution
		SolutionGuid = {79B1A5EF-27E8-4BCE-AF11-B75B8EC49202}
	EndGlobalSection
EndGlobal
